// !$*UTF8*$!
{
	archiveVersion = 1;
	classes = {
	};
	objectVersion = 56;
	objects = {

/* Begin PBXBuildFile section */
		7362A03828FB37030017D3A8 /* AppDelegate.swift in Sources */ = {isa = PBXBuildFile; fileRef = 7362A03728FB37030017D3A8 /* AppDelegate.swift */; };
		7362A03A28FB37030017D3A8 /* SceneDelegate.swift in Sources */ = {isa = PBXBuildFile; fileRef = 7362A03928FB37030017D3A8 /* SceneDelegate.swift */; };
		7362A03F28FB37030017D3A8 /* Main.storyboard in Resources */ = {isa = PBXBuildFile; fileRef = 7362A03D28FB37030017D3A8 /* Main.storyboard */; };
		7362A04228FB37030017D3A8 /* AlaaElrhman_Nomand.xcdatamodeld in Sources */ = {isa = PBXBuildFile; fileRef = 7362A04028FB37030017D3A8 /* AlaaElrhman_Nomand.xcdatamodeld */; };
		7362A04428FB37040017D3A8 /* Assets.xcassets in Resources */ = {isa = PBXBuildFile; fileRef = 7362A04328FB37040017D3A8 /* Assets.xcassets */; };
		7362A04728FB37040017D3A8 /* LaunchScreen.storyboard in Resources */ = {isa = PBXBuildFile; fileRef = 7362A04528FB37040017D3A8 /* LaunchScreen.storyboard */; };
		7362A05228FB37040017D3A8 /* AlaaElrhman_NomandTests.swift in Sources */ = {isa = PBXBuildFile; fileRef = 7362A05128FB37040017D3A8 /* AlaaElrhman_NomandTests.swift */; };
		7362A05C28FB37040017D3A8 /* AlaaElrhman_NomandUITests.swift in Sources */ = {isa = PBXBuildFile; fileRef = 7362A05B28FB37040017D3A8 /* AlaaElrhman_NomandUITests.swift */; };
		7362A05E28FB37040017D3A8 /* AlaaElrhman_NomandUITestsLaunchTests.swift in Sources */ = {isa = PBXBuildFile; fileRef = 7362A05D28FB37040017D3A8 /* AlaaElrhman_NomandUITestsLaunchTests.swift */; };
		7362A07328FB462E0017D3A8 /* ProductsResponse.swift in Sources */ = {isa = PBXBuildFile; fileRef = 7362A07228FB462E0017D3A8 /* ProductsResponse.swift */; };
		7362A07728FB46A70017D3A8 /* ProductTVCell.swift in Sources */ = {isa = PBXBuildFile; fileRef = 7362A07528FB46A70017D3A8 /* ProductTVCell.swift */; };
		7362A07828FB46A70017D3A8 /* ProductTVCell.xib in Resources */ = {isa = PBXBuildFile; fileRef = 7362A07628FB46A70017D3A8 /* ProductTVCell.xib */; };
		7362A07B28FB49440017D3A8 /* RequestManager.swift in Sources */ = {isa = PBXBuildFile; fileRef = 7362A07A28FB49440017D3A8 /* RequestManager.swift */; };
		7362A07D28FB4B890017D3A8 /* APIError.swift in Sources */ = {isa = PBXBuildFile; fileRef = 7362A07C28FB4B890017D3A8 /* APIError.swift */; };
		7362A08128FB4C9B0017D3A8 /* String+Ext.swift in Sources */ = {isa = PBXBuildFile; fileRef = 7362A08028FB4C9B0017D3A8 /* String+Ext.swift */; };
		7362A08328FB52440017D3A8 /* EndPoints.swift in Sources */ = {isa = PBXBuildFile; fileRef = 7362A08228FB52440017D3A8 /* EndPoints.swift */; };
		7362A08528FB57A80017D3A8 /* HomeVC.swift in Sources */ = {isa = PBXBuildFile; fileRef = 7362A08428FB57A80017D3A8 /* HomeVC.swift */; };
		7362A08728FB57EB0017D3A8 /* HomeListViewModel.swift in Sources */ = {isa = PBXBuildFile; fileRef = 7362A08628FB57EB0017D3A8 /* HomeListViewModel.swift */; };
		7362A08A28FB5EA40017D3A8 /* UITableView+Ext.swift in Sources */ = {isa = PBXBuildFile; fileRef = 7362A08928FB5EA40017D3A8 /* UITableView+Ext.swift */; };
		7362A08C28FB607C0017D3A8 /* UIViewController+Ext.swift in Sources */ = {isa = PBXBuildFile; fileRef = 7362A08B28FB607C0017D3A8 /* UIViewController+Ext.swift */; };
		7362A08E28FB660F0017D3A8 /* ProductViewModel.swift in Sources */ = {isa = PBXBuildFile; fileRef = 7362A08D28FB660F0017D3A8 /* ProductViewModel.swift */; };
		7362A09028FB6CD80017D3A8 /* UIImage+Ext.swift in Sources */ = {isa = PBXBuildFile; fileRef = 7362A08F28FB6CD80017D3A8 /* UIImage+Ext.swift */; };
		7362A09628FB75030017D3A8 /* CoreDataManager.swift in Sources */ = {isa = PBXBuildFile; fileRef = 7362A09528FB75030017D3A8 /* CoreDataManager.swift */; };
		7362A09828FBC7F40017D3A8 /* CartVC.swift in Sources */ = {isa = PBXBuildFile; fileRef = 7362A09728FBC7F40017D3A8 /* CartVC.swift */; };
		7362A09A28FBCC7A0017D3A8 /* CartViewModel.swift in Sources */ = {isa = PBXBuildFile; fileRef = 7362A09928FBCC7A0017D3A8 /* CartViewModel.swift */; };
/* End PBXBuildFile section */

/* Begin PBXContainerItemProxy section */
		7362A04E28FB37040017D3A8 /* PBXContainerItemProxy */ = {
			isa = PBXContainerItemProxy;
			containerPortal = 7362A02C28FB37030017D3A8 /* Project object */;
			proxyType = 1;
			remoteGlobalIDString = 7362A03328FB37030017D3A8;
			remoteInfo = AlaaElrhman.Nomand;
		};
		7362A05828FB37040017D3A8 /* PBXContainerItemProxy */ = {
			isa = PBXContainerItemProxy;
			containerPortal = 7362A02C28FB37030017D3A8 /* Project object */;
			proxyType = 1;
			remoteGlobalIDString = 7362A03328FB37030017D3A8;
			remoteInfo = AlaaElrhman.Nomand;
		};
/* End PBXContainerItemProxy section */

/* Begin PBXFileReference section */
		7362A03428FB37030017D3A8 /* AlaaElrhman.Nomand.app */ = {isa = PBXFileReference; explicitFileType = wrapper.application; includeInIndex = 0; path = AlaaElrhman.Nomand.app; sourceTree = BUILT_PRODUCTS_DIR; };
		7362A03728FB37030017D3A8 /* AppDelegate.swift */ = {isa = PBXFileReference; lastKnownFileType = sourcecode.swift; path = AppDelegate.swift; sourceTree = "<group>"; };
		7362A03928FB37030017D3A8 /* SceneDelegate.swift */ = {isa = PBXFileReference; lastKnownFileType = sourcecode.swift; path = SceneDelegate.swift; sourceTree = "<group>"; };
		7362A03E28FB37030017D3A8 /* Base */ = {isa = PBXFileReference; lastKnownFileType = file.storyboard; name = Base; path = Base.lproj/Main.storyboard; sourceTree = "<group>"; };
		7362A04128FB37030017D3A8 /* AlaaElrhman_Nomand.xcdatamodel */ = {isa = PBXFileReference; lastKnownFileType = wrapper.xcdatamodel; path = AlaaElrhman_Nomand.xcdatamodel; sourceTree = "<group>"; };
		7362A04328FB37040017D3A8 /* Assets.xcassets */ = {isa = PBXFileReference; lastKnownFileType = folder.assetcatalog; path = Assets.xcassets; sourceTree = "<group>"; };
		7362A04628FB37040017D3A8 /* Base */ = {isa = PBXFileReference; lastKnownFileType = file.storyboard; name = Base; path = Base.lproj/LaunchScreen.storyboard; sourceTree = "<group>"; };
		7362A04828FB37040017D3A8 /* Info.plist */ = {isa = PBXFileReference; lastKnownFileType = text.plist.xml; path = Info.plist; sourceTree = "<group>"; };
		7362A04D28FB37040017D3A8 /* AlaaElrhman.NomandTests.xctest */ = {isa = PBXFileReference; explicitFileType = wrapper.cfbundle; includeInIndex = 0; path = AlaaElrhman.NomandTests.xctest; sourceTree = BUILT_PRODUCTS_DIR; };
		7362A05128FB37040017D3A8 /* AlaaElrhman_NomandTests.swift */ = {isa = PBXFileReference; lastKnownFileType = sourcecode.swift; path = AlaaElrhman_NomandTests.swift; sourceTree = "<group>"; };
		7362A05728FB37040017D3A8 /* AlaaElrhman.NomandUITests.xctest */ = {isa = PBXFileReference; explicitFileType = wrapper.cfbundle; includeInIndex = 0; path = AlaaElrhman.NomandUITests.xctest; sourceTree = BUILT_PRODUCTS_DIR; };
		7362A05B28FB37040017D3A8 /* AlaaElrhman_NomandUITests.swift */ = {isa = PBXFileReference; lastKnownFileType = sourcecode.swift; path = AlaaElrhman_NomandUITests.swift; sourceTree = "<group>"; };
		7362A05D28FB37040017D3A8 /* AlaaElrhman_NomandUITestsLaunchTests.swift */ = {isa = PBXFileReference; lastKnownFileType = sourcecode.swift; path = AlaaElrhman_NomandUITestsLaunchTests.swift; sourceTree = "<group>"; };
		7362A07228FB462E0017D3A8 /* ProductsResponse.swift */ = {isa = PBXFileReference; lastKnownFileType = sourcecode.swift; path = ProductsResponse.swift; sourceTree = "<group>"; };
		7362A07528FB46A70017D3A8 /* ProductTVCell.swift */ = {isa = PBXFileReference; lastKnownFileType = sourcecode.swift; path = ProductTVCell.swift; sourceTree = "<group>"; };
		7362A07628FB46A70017D3A8 /* ProductTVCell.xib */ = {isa = PBXFileReference; lastKnownFileType = file.xib; path = ProductTVCell.xib; sourceTree = "<group>"; };
		7362A07A28FB49440017D3A8 /* RequestManager.swift */ = {isa = PBXFileReference; lastKnownFileType = sourcecode.swift; path = RequestManager.swift; sourceTree = "<group>"; };
		7362A07C28FB4B890017D3A8 /* APIError.swift */ = {isa = PBXFileReference; lastKnownFileType = sourcecode.swift; path = APIError.swift; sourceTree = "<group>"; };
		7362A08028FB4C9B0017D3A8 /* String+Ext.swift */ = {isa = PBXFileReference; lastKnownFileType = sourcecode.swift; path = "String+Ext.swift"; sourceTree = "<group>"; };
		7362A08228FB52440017D3A8 /* EndPoints.swift */ = {isa = PBXFileReference; lastKnownFileType = sourcecode.swift; path = EndPoints.swift; sourceTree = "<group>"; };
		7362A08428FB57A80017D3A8 /* HomeVC.swift */ = {isa = PBXFileReference; lastKnownFileType = sourcecode.swift; path = HomeVC.swift; sourceTree = "<group>"; };
		7362A08628FB57EB0017D3A8 /* HomeListViewModel.swift */ = {isa = PBXFileReference; lastKnownFileType = sourcecode.swift; path = HomeListViewModel.swift; sourceTree = "<group>"; };
		7362A08928FB5EA40017D3A8 /* UITableView+Ext.swift */ = {isa = PBXFileReference; lastKnownFileType = sourcecode.swift; path = "UITableView+Ext.swift"; sourceTree = "<group>"; };
		7362A08B28FB607C0017D3A8 /* UIViewController+Ext.swift */ = {isa = PBXFileReference; lastKnownFileType = sourcecode.swift; path = "UIViewController+Ext.swift"; sourceTree = "<group>"; };
		7362A08D28FB660F0017D3A8 /* ProductViewModel.swift */ = {isa = PBXFileReference; lastKnownFileType = sourcecode.swift; path = ProductViewModel.swift; sourceTree = "<group>"; };
		7362A08F28FB6CD80017D3A8 /* UIImage+Ext.swift */ = {isa = PBXFileReference; lastKnownFileType = sourcecode.swift; path = "UIImage+Ext.swift"; sourceTree = "<group>"; };
		7362A09528FB75030017D3A8 /* CoreDataManager.swift */ = {isa = PBXFileReference; lastKnownFileType = sourcecode.swift; path = CoreDataManager.swift; sourceTree = "<group>"; };
		7362A09728FBC7F40017D3A8 /* CartVC.swift */ = {isa = PBXFileReference; lastKnownFileType = sourcecode.swift; path = CartVC.swift; sourceTree = "<group>"; };
		7362A09928FBCC7A0017D3A8 /* CartViewModel.swift */ = {isa = PBXFileReference; lastKnownFileType = sourcecode.swift; path = CartViewModel.swift; sourceTree = "<group>"; };
/* End PBXFileReference section */

/* Begin PBXFrameworksBuildPhase section */
		7362A03128FB37030017D3A8 /* Frameworks */ = {
			isa = PBXFrameworksBuildPhase;
			buildActionMask = 2147483647;
			files = (
			);
			runOnlyForDeploymentPostprocessing = 0;
		};
		7362A04A28FB37040017D3A8 /* Frameworks */ = {
			isa = PBXFrameworksBuildPhase;
			buildActionMask = 2147483647;
			files = (
			);
			runOnlyForDeploymentPostprocessing = 0;
		};
		7362A05428FB37040017D3A8 /* Frameworks */ = {
			isa = PBXFrameworksBuildPhase;
			buildActionMask = 2147483647;
			files = (
			);
			runOnlyForDeploymentPostprocessing = 0;
		};
/* End PBXFrameworksBuildPhase section */

/* Begin PBXGroup section */
		7362A02B28FB37030017D3A8 = {
			isa = PBXGroup;
			children = (
				7362A03628FB37030017D3A8 /* AlaaElrhman.Nomand */,
				7362A05028FB37040017D3A8 /* AlaaElrhman.NomandTests */,
				7362A05A28FB37040017D3A8 /* AlaaElrhman.NomandUITests */,
				7362A03528FB37030017D3A8 /* Products */,
			);
			sourceTree = "<group>";
		};
		7362A03528FB37030017D3A8 /* Products */ = {
			isa = PBXGroup;
			children = (
				7362A03428FB37030017D3A8 /* AlaaElrhman.Nomand.app */,
				7362A04D28FB37040017D3A8 /* AlaaElrhman.NomandTests.xctest */,
				7362A05728FB37040017D3A8 /* AlaaElrhman.NomandUITests.xctest */,
			);
			name = Products;
			sourceTree = "<group>";
		};
		7362A03628FB37030017D3A8 /* AlaaElrhman.Nomand */ = {
			isa = PBXGroup;
			children = (
				7362A09428FB74E80017D3A8 /* CoreData */,
				7362A07E28FB4C660017D3A8 /* Extensions */,
				7362A07928FB48CF0017D3A8 /* NetworkLayer */,
				7362A06E28FB3DCD0017D3A8 /* MVVM */,
				7362A03728FB37030017D3A8 /* AppDelegate.swift */,
				7362A03928FB37030017D3A8 /* SceneDelegate.swift */,
				7362A04328FB37040017D3A8 /* Assets.xcassets */,
				7362A04528FB37040017D3A8 /* LaunchScreen.storyboard */,
				7362A04828FB37040017D3A8 /* Info.plist */,
				7362A04028FB37030017D3A8 /* AlaaElrhman_Nomand.xcdatamodeld */,
			);
			path = AlaaElrhman.Nomand;
			sourceTree = "<group>";
		};
		7362A05028FB37040017D3A8 /* AlaaElrhman.NomandTests */ = {
			isa = PBXGroup;
			children = (
				7362A05128FB37040017D3A8 /* AlaaElrhman_NomandTests.swift */,
			);
			path = AlaaElrhman.NomandTests;
			sourceTree = "<group>";
		};
		7362A05A28FB37040017D3A8 /* AlaaElrhman.NomandUITests */ = {
			isa = PBXGroup;
			children = (
				7362A05B28FB37040017D3A8 /* AlaaElrhman_NomandUITests.swift */,
				7362A05D28FB37040017D3A8 /* AlaaElrhman_NomandUITestsLaunchTests.swift */,
			);
			path = AlaaElrhman.NomandUITests;
			sourceTree = "<group>";
		};
		7362A06E28FB3DCD0017D3A8 /* MVVM */ = {
			isa = PBXGroup;
			children = (
				7362A07128FB44F30017D3A8 /* ViewModel */,
				7362A07028FB44E90017D3A8 /* Model */,
				7362A06F28FB44E20017D3A8 /* Views */,
			);
			path = MVVM;
			sourceTree = "<group>";
		};
		7362A06F28FB44E20017D3A8 /* Views */ = {
			isa = PBXGroup;
			children = (
				7362A07428FB46810017D3A8 /* Cells */,
				7362A03D28FB37030017D3A8 /* Main.storyboard */,
				7362A08428FB57A80017D3A8 /* HomeVC.swift */,
				7362A09728FBC7F40017D3A8 /* CartVC.swift */,
			);
			path = Views;
			sourceTree = "<group>";
		};
		7362A07028FB44E90017D3A8 /* Model */ = {
			isa = PBXGroup;
			children = (
				7362A07228FB462E0017D3A8 /* ProductsResponse.swift */,
			);
			path = Model;
			sourceTree = "<group>";
		};
		7362A07128FB44F30017D3A8 /* ViewModel */ = {
			isa = PBXGroup;
			children = (
				7362A08628FB57EB0017D3A8 /* HomeListViewModel.swift */,
				7362A09928FBCC7A0017D3A8 /* CartViewModel.swift */,
				7362A08D28FB660F0017D3A8 /* ProductViewModel.swift */,
			);
			path = ViewModel;
			sourceTree = "<group>";
		};
		7362A07428FB46810017D3A8 /* Cells */ = {
			isa = PBXGroup;
			children = (
				7362A07528FB46A70017D3A8 /* ProductTVCell.swift */,
				7362A07628FB46A70017D3A8 /* ProductTVCell.xib */,
			);
			path = Cells;
			sourceTree = "<group>";
		};
		7362A07928FB48CF0017D3A8 /* NetworkLayer */ = {
			isa = PBXGroup;
			children = (
				7362A07A28FB49440017D3A8 /* RequestManager.swift */,
				7362A07C28FB4B890017D3A8 /* APIError.swift */,
				7362A08228FB52440017D3A8 /* EndPoints.swift */,
			);
			path = NetworkLayer;
			sourceTree = "<group>";
		};
		7362A07E28FB4C660017D3A8 /* Extensions */ = {
			isa = PBXGroup;
			children = (
				7362A08828FB5E8D0017D3A8 /* UIExtension */,
				7362A07F28FB4C850017D3A8 /* DataExtension */,
			);
			path = Extensions;
			sourceTree = "<group>";
		};
		7362A07F28FB4C850017D3A8 /* DataExtension */ = {
			isa = PBXGroup;
			children = (
				7362A08028FB4C9B0017D3A8 /* String+Ext.swift */,
			);
			path = DataExtension;
			sourceTree = "<group>";
		};
		7362A08828FB5E8D0017D3A8 /* UIExtension */ = {
			isa = PBXGroup;
			children = (
				7362A08928FB5EA40017D3A8 /* UITableView+Ext.swift */,
				7362A08F28FB6CD80017D3A8 /* UIImage+Ext.swift */,
				7362A08B28FB607C0017D3A8 /* UIViewController+Ext.swift */,
			);
			path = UIExtension;
			sourceTree = "<group>";
		};
		7362A09428FB74E80017D3A8 /* CoreData */ = {
			isa = PBXGroup;
			children = (
				7362A09528FB75030017D3A8 /* CoreDataManager.swift */,
			);
			path = CoreData;
			sourceTree = "<group>";
		};
/* End PBXGroup section */

/* Begin PBXNativeTarget section */
		7362A03328FB37030017D3A8 /* AlaaElrhman.Nomand */ = {
			isa = PBXNativeTarget;
			buildConfigurationList = 7362A06128FB37040017D3A8 /* Build configuration list for PBXNativeTarget "AlaaElrhman.Nomand" */;
			buildPhases = (
				7362A03028FB37030017D3A8 /* Sources */,
				7362A03128FB37030017D3A8 /* Frameworks */,
				7362A03228FB37030017D3A8 /* Resources */,
			);
			buildRules = (
			);
			dependencies = (
			);
			name = AlaaElrhman.Nomand;
			productName = AlaaElrhman.Nomand;
			productReference = 7362A03428FB37030017D3A8 /* AlaaElrhman.Nomand.app */;
			productType = "com.apple.product-type.application";
		};
		7362A04C28FB37040017D3A8 /* AlaaElrhman.NomandTests */ = {
			isa = PBXNativeTarget;
			buildConfigurationList = 7362A06428FB37040017D3A8 /* Build configuration list for PBXNativeTarget "AlaaElrhman.NomandTests" */;
			buildPhases = (
				7362A04928FB37040017D3A8 /* Sources */,
				7362A04A28FB37040017D3A8 /* Frameworks */,
				7362A04B28FB37040017D3A8 /* Resources */,
			);
			buildRules = (
			);
			dependencies = (
				7362A04F28FB37040017D3A8 /* PBXTargetDependency */,
			);
			name = AlaaElrhman.NomandTests;
			productName = AlaaElrhman.NomandTests;
			productReference = 7362A04D28FB37040017D3A8 /* AlaaElrhman.NomandTests.xctest */;
			productType = "com.apple.product-type.bundle.unit-test";
		};
		7362A05628FB37040017D3A8 /* AlaaElrhman.NomandUITests */ = {
			isa = PBXNativeTarget;
			buildConfigurationList = 7362A06728FB37040017D3A8 /* Build configuration list for PBXNativeTarget "AlaaElrhman.NomandUITests" */;
			buildPhases = (
				7362A05328FB37040017D3A8 /* Sources */,
				7362A05428FB37040017D3A8 /* Frameworks */,
				7362A05528FB37040017D3A8 /* Resources */,
			);
			buildRules = (
			);
			dependencies = (
				7362A05928FB37040017D3A8 /* PBXTargetDependency */,
			);
			name = AlaaElrhman.NomandUITests;
			productName = AlaaElrhman.NomandUITests;
			productReference = 7362A05728FB37040017D3A8 /* AlaaElrhman.NomandUITests.xctest */;
			productType = "com.apple.product-type.bundle.ui-testing";
		};
/* End PBXNativeTarget section */

/* Begin PBXProject section */
		7362A02C28FB37030017D3A8 /* Project object */ = {
			isa = PBXProject;
			attributes = {
				BuildIndependentTargetsInParallel = 1;
				LastSwiftUpdateCheck = 1400;
				LastUpgradeCheck = 1400;
				TargetAttributes = {
					7362A03328FB37030017D3A8 = {
						CreatedOnToolsVersion = 14.0;
					};
					7362A04C28FB37040017D3A8 = {
						CreatedOnToolsVersion = 14.0;
						TestTargetID = 7362A03328FB37030017D3A8;
					};
					7362A05628FB37040017D3A8 = {
						CreatedOnToolsVersion = 14.0;
						TestTargetID = 7362A03328FB37030017D3A8;
					};
				};
			};
			buildConfigurationList = 7362A02F28FB37030017D3A8 /* Build configuration list for PBXProject "AlaaElrhman.Nomand" */;
			compatibilityVersion = "Xcode 14.0";
			developmentRegion = en;
			hasScannedForEncodings = 0;
			knownRegions = (
				en,
				Base,
			);
			mainGroup = 7362A02B28FB37030017D3A8;
			productRefGroup = 7362A03528FB37030017D3A8 /* Products */;
			projectDirPath = "";
			projectRoot = "";
			targets = (
				7362A03328FB37030017D3A8 /* AlaaElrhman.Nomand */,
				7362A04C28FB37040017D3A8 /* AlaaElrhman.NomandTests */,
				7362A05628FB37040017D3A8 /* AlaaElrhman.NomandUITests */,
			);
		};
/* End PBXProject section */

/* Begin PBXResourcesBuildPhase section */
		7362A03228FB37030017D3A8 /* Resources */ = {
			isa = PBXResourcesBuildPhase;
			buildActionMask = 2147483647;
			files = (
				7362A04728FB37040017D3A8 /* LaunchScreen.storyboard in Resources */,
				7362A07828FB46A70017D3A8 /* ProductTVCell.xib in Resources */,
				7362A04428FB37040017D3A8 /* Assets.xcassets in Resources */,
				7362A03F28FB37030017D3A8 /* Main.storyboard in Resources */,
			);
			runOnlyForDeploymentPostprocessing = 0;
		};
		7362A04B28FB37040017D3A8 /* Resources */ = {
			isa = PBXResourcesBuildPhase;
			buildActionMask = 2147483647;
			files = (
			);
			runOnlyForDeploymentPostprocessing = 0;
		};
		7362A05528FB37040017D3A8 /* Resources */ = {
			isa = PBXResourcesBuildPhase;
			buildActionMask = 2147483647;
			files = (
			);
			runOnlyForDeploymentPostprocessing = 0;
		};
/* End PBXResourcesBuildPhase section */

/* Begin PBXSourcesBuildPhase section */
		7362A03028FB37030017D3A8 /* Sources */ = {
			isa = PBXSourcesBuildPhase;
			buildActionMask = 2147483647;
			files = (
				7362A09028FB6CD80017D3A8 /* UIImage+Ext.swift in Sources */,
				7362A08E28FB660F0017D3A8 /* ProductViewModel.swift in Sources */,
				7362A07328FB462E0017D3A8 /* ProductsResponse.swift in Sources */,
				7362A09828FBC7F40017D3A8 /* CartVC.swift in Sources */,
				7362A08C28FB607C0017D3A8 /* UIViewController+Ext.swift in Sources */,
				7362A08528FB57A80017D3A8 /* HomeVC.swift in Sources */,
				7362A09A28FBCC7A0017D3A8 /* CartViewModel.swift in Sources */,
				7362A08328FB52440017D3A8 /* EndPoints.swift in Sources */,
				7362A04228FB37030017D3A8 /* AlaaElrhman_Nomand.xcdatamodeld in Sources */,
				7362A08728FB57EB0017D3A8 /* HomeListViewModel.swift in Sources */,
				7362A07728FB46A70017D3A8 /* ProductTVCell.swift in Sources */,
				7362A07B28FB49440017D3A8 /* RequestManager.swift in Sources */,
				7362A03828FB37030017D3A8 /* AppDelegate.swift in Sources */,
				7362A03A28FB37030017D3A8 /* SceneDelegate.swift in Sources */,
				7362A08A28FB5EA40017D3A8 /* UITableView+Ext.swift in Sources */,
				7362A08128FB4C9B0017D3A8 /* String+Ext.swift in Sources */,
				7362A09628FB75030017D3A8 /* CoreDataManager.swift in Sources */,
				7362A07D28FB4B890017D3A8 /* APIError.swift in Sources */,
			);
			runOnlyForDeploymentPostprocessing = 0;
		};
		7362A04928FB37040017D3A8 /* Sources */ = {
			isa = PBXSourcesBuildPhase;
			buildActionMask = 2147483647;
			files = (
				7362A05228FB37040017D3A8 /* AlaaElrhman_NomandTests.swift in Sources */,
			);
			runOnlyForDeploymentPostprocessing = 0;
		};
		7362A05328FB37040017D3A8 /* Sources */ = {
			isa = PBXSourcesBuildPhase;
			buildActionMask = 2147483647;
			files = (
				7362A05E28FB37040017D3A8 /* AlaaElrhman_NomandUITestsLaunchTests.swift in Sources */,
				7362A05C28FB37040017D3A8 /* AlaaElrhman_NomandUITests.swift in Sources */,
			);
			runOnlyForDeploymentPostprocessing = 0;
		};
/* End PBXSourcesBuildPhase section */

/* Begin PBXTargetDependency section */
		7362A04F28FB37040017D3A8 /* PBXTargetDependency */ = {
			isa = PBXTargetDependency;
			target = 7362A03328FB37030017D3A8 /* AlaaElrhman.Nomand */;
			targetProxy = 7362A04E28FB37040017D3A8 /* PBXContainerItemProxy */;
		};
		7362A05928FB37040017D3A8 /* PBXTargetDependency */ = {
			isa = PBXTargetDependency;
			target = 7362A03328FB37030017D3A8 /* AlaaElrhman.Nomand */;
			targetProxy = 7362A05828FB37040017D3A8 /* PBXContainerItemProxy */;
		};
/* End PBXTargetDependency section */

/* Begin PBXVariantGroup section */
		7362A03D28FB37030017D3A8 /* Main.storyboard */ = {
			isa = PBXVariantGroup;
			children = (
				7362A03E28FB37030017D3A8 /* Base */,
			);
			name = Main.storyboard;
			sourceTree = "<group>";
		};
		7362A04528FB37040017D3A8 /* LaunchScreen.storyboard */ = {
			isa = PBXVariantGroup;
			children = (
				7362A04628FB37040017D3A8 /* Base */,
			);
			name = LaunchScreen.storyboard;
			sourceTree = "<group>";
		};
/* End PBXVariantGroup section */

/* Begin XCBuildConfiguration section */
		7362A05F28FB37040017D3A8 /* Debug */ = {
			isa = XCBuildConfiguration;
			buildSettings = {
				ALWAYS_SEARCH_USER_PATHS = NO;
				CLANG_ANALYZER_NONNULL = YES;
				CLANG_ANALYZER_NUMBER_OBJECT_CONVERSION = YES_AGGRESSIVE;
				CLANG_CXX_LANGUAGE_STANDARD = "gnu++20";
				CLANG_ENABLE_MODULES = YES;
				CLANG_ENABLE_OBJC_ARC = YES;
				CLANG_ENABLE_OBJC_WEAK = YES;
				CLANG_WARN_BLOCK_CAPTURE_AUTORELEASING = YES;
				CLANG_WARN_BOOL_CONVERSION = YES;
				CLANG_WARN_COMMA = YES;
				CLANG_WARN_CONSTANT_CONVERSION = YES;
				CLANG_WARN_DEPRECATED_OBJC_IMPLEMENTATIONS = YES;
				CLANG_WARN_DIRECT_OBJC_ISA_USAGE = YES_ERROR;
				CLANG_WARN_DOCUMENTATION_COMMENTS = YES;
				CLANG_WARN_EMPTY_BODY = YES;
				CLANG_WARN_ENUM_CONVERSION = YES;
				CLANG_WARN_INFINITE_RECURSION = YES;
				CLANG_WARN_INT_CONVERSION = YES;
				CLANG_WARN_NON_LITERAL_NULL_CONVERSION = YES;
				CLANG_WARN_OBJC_IMPLICIT_RETAIN_SELF = YES;
				CLANG_WARN_OBJC_LITERAL_CONVERSION = YES;
				CLANG_WARN_OBJC_ROOT_CLASS = YES_ERROR;
				CLANG_WARN_QUOTED_INCLUDE_IN_FRAMEWORK_HEADER = YES;
				CLANG_WARN_RANGE_LOOP_ANALYSIS = YES;
				CLANG_WARN_STRICT_PROTOTYPES = YES;
				CLANG_WARN_SUSPICIOUS_MOVE = YES;
				CLANG_WARN_UNGUARDED_AVAILABILITY = YES_AGGRESSIVE;
				CLANG_WARN_UNREACHABLE_CODE = YES;
				CLANG_WARN__DUPLICATE_METHOD_MATCH = YES;
				COPY_PHASE_STRIP = NO;
				DEBUG_INFORMATION_FORMAT = dwarf;
				ENABLE_STRICT_OBJC_MSGSEND = YES;
				ENABLE_TESTABILITY = YES;
				GCC_C_LANGUAGE_STANDARD = gnu11;
				GCC_DYNAMIC_NO_PIC = NO;
				GCC_NO_COMMON_BLOCKS = YES;
				GCC_OPTIMIZATION_LEVEL = 0;
				GCC_PREPROCESSOR_DEFINITIONS = (
					"DEBUG=1",
					"$(inherited)",
				);
				GCC_WARN_64_TO_32_BIT_CONVERSION = YES;
				GCC_WARN_ABOUT_RETURN_TYPE = YES_ERROR;
				GCC_WARN_UNDECLARED_SELECTOR = YES;
				GCC_WARN_UNINITIALIZED_AUTOS = YES_AGGRESSIVE;
				GCC_WARN_UNUSED_FUNCTION = YES;
				GCC_WARN_UNUSED_VARIABLE = YES;
				IPHONEOS_DEPLOYMENT_TARGET = 16.0;
				MTL_ENABLE_DEBUG_INFO = INCLUDE_SOURCE;
				MTL_FAST_MATH = YES;
				ONLY_ACTIVE_ARCH = YES;
				SDKROOT = iphoneos;
				SWIFT_ACTIVE_COMPILATION_CONDITIONS = DEBUG;
				SWIFT_OPTIMIZATION_LEVEL = "-Onone";
			};
			name = Debug;
		};
		7362A06028FB37040017D3A8 /* Release */ = {
			isa = XCBuildConfiguration;
			buildSettings = {
				ALWAYS_SEARCH_USER_PATHS = NO;
				CLANG_ANALYZER_NONNULL = YES;
				CLANG_ANALYZER_NUMBER_OBJECT_CONVERSION = YES_AGGRESSIVE;
				CLANG_CXX_LANGUAGE_STANDARD = "gnu++20";
				CLANG_ENABLE_MODULES = YES;
				CLANG_ENABLE_OBJC_ARC = YES;
				CLANG_ENABLE_OBJC_WEAK = YES;
				CLANG_WARN_BLOCK_CAPTURE_AUTORELEASING = YES;
				CLANG_WARN_BOOL_CONVERSION = YES;
				CLANG_WARN_COMMA = YES;
				CLANG_WARN_CONSTANT_CONVERSION = YES;
				CLANG_WARN_DEPRECATED_OBJC_IMPLEMENTATIONS = YES;
				CLANG_WARN_DIRECT_OBJC_ISA_USAGE = YES_ERROR;
				CLANG_WARN_DOCUMENTATION_COMMENTS = YES;
				CLANG_WARN_EMPTY_BODY = YES;
				CLANG_WARN_ENUM_CONVERSION = YES;
				CLANG_WARN_INFINITE_RECURSION = YES;
				CLANG_WARN_INT_CONVERSION = YES;
				CLANG_WARN_NON_LITERAL_NULL_CONVERSION = YES;
				CLANG_WARN_OBJC_IMPLICIT_RETAIN_SELF = YES;
				CLANG_WARN_OBJC_LITERAL_CONVERSION = YES;
				CLANG_WARN_OBJC_ROOT_CLASS = YES_ERROR;
				CLANG_WARN_QUOTED_INCLUDE_IN_FRAMEWORK_HEADER = YES;
				CLANG_WARN_RANGE_LOOP_ANALYSIS = YES;
				CLANG_WARN_STRICT_PROTOTYPES = YES;
				CLANG_WARN_SUSPICIOUS_MOVE = YES;
				CLANG_WARN_UNGUARDED_AVAILABILITY = YES_AGGRESSIVE;
				CLANG_WARN_UNREACHABLE_CODE = YES;
				CLANG_WARN__DUPLICATE_METHOD_MATCH = YES;
				COPY_PHASE_STRIP = NO;
				DEBUG_INFORMATION_FORMAT = "dwarf-with-dsym";
				ENABLE_NS_ASSERTIONS = NO;
				ENABLE_STRICT_OBJC_MSGSEND = YES;
				GCC_C_LANGUAGE_STANDARD = gnu11;
				GCC_NO_COMMON_BLOCKS = YES;
				GCC_WARN_64_TO_32_BIT_CONVERSION = YES;
				GCC_WARN_ABOUT_RETURN_TYPE = YES_ERROR;
				GCC_WARN_UNDECLARED_SELECTOR = YES;
				GCC_WARN_UNINITIALIZED_AUTOS = YES_AGGRESSIVE;
				GCC_WARN_UNUSED_FUNCTION = YES;
				GCC_WARN_UNUSED_VARIABLE = YES;
				IPHONEOS_DEPLOYMENT_TARGET = 16.0;
				MTL_ENABLE_DEBUG_INFO = NO;
				MTL_FAST_MATH = YES;
				SDKROOT = iphoneos;
				SWIFT_COMPILATION_MODE = wholemodule;
				SWIFT_OPTIMIZATION_LEVEL = "-O";
				VALIDATE_PRODUCT = YES;
			};
			name = Release;
		};
		7362A06228FB37040017D3A8 /* Debug */ = {
			isa = XCBuildConfiguration;
			buildSettings = {
				ASSETCATALOG_COMPILER_APPICON_NAME = AppIcon;
				ASSETCATALOG_COMPILER_GLOBAL_ACCENT_COLOR_NAME = AccentColor;
				CODE_SIGN_STYLE = Automatic;
				CURRENT_PROJECT_VERSION = 1;
				DEVELOPMENT_TEAM = YYH69G673J;
				GENERATE_INFOPLIST_FILE = YES;
				INFOPLIST_FILE = AlaaElrhman.Nomand/Info.plist;
				INFOPLIST_KEY_UIApplicationSupportsIndirectInputEvents = YES;
				INFOPLIST_KEY_UILaunchStoryboardName = LaunchScreen;
				INFOPLIST_KEY_UIMainStoryboardFile = Main;
				INFOPLIST_KEY_UISupportedInterfaceOrientations = UIInterfaceOrientationPortrait;
				INFOPLIST_KEY_UISupportedInterfaceOrientations_iPad = "UIInterfaceOrientationLandscapeLeft UIInterfaceOrientationLandscapeRight UIInterfaceOrientationPortrait UIInterfaceOrientationPortraitUpsideDown";
				LD_RUNPATH_SEARCH_PATHS = (
					"$(inherited)",
					"@executable_path/Frameworks",
				);
				MARKETING_VERSION = 1.0;
				PRODUCT_BUNDLE_IDENTIFIER = "com.alaaArafa.TDDTest.AlaaElrhman-Nomand";
				PRODUCT_NAME = "$(TARGET_NAME)";
				SWIFT_EMIT_LOC_STRINGS = YES;
				SWIFT_VERSION = 5.0;
				TARGETED_DEVICE_FAMILY = "1,2";
			};
			name = Debug;
		};
		7362A06328FB37040017D3A8 /* Release */ = {
			isa = XCBuildConfiguration;
			buildSettings = {
				ASSETCATALOG_COMPILER_APPICON_NAME = AppIcon;
				ASSETCATALOG_COMPILER_GLOBAL_ACCENT_COLOR_NAME = AccentColor;
				CODE_SIGN_STYLE = Automatic;
				CURRENT_PROJECT_VERSION = 1;
				DEVELOPMENT_TEAM = YYH69G673J;
				GENERATE_INFOPLIST_FILE = YES;
				INFOPLIST_FILE = AlaaElrhman.Nomand/Info.plist;
				INFOPLIST_KEY_UIApplicationSupportsIndirectInputEvents = YES;
				INFOPLIST_KEY_UILaunchStoryboardName = LaunchScreen;
				INFOPLIST_KEY_UIMainStoryboardFile = Main;
				INFOPLIST_KEY_UISupportedInterfaceOrientations = UIInterfaceOrientationPortrait;
				INFOPLIST_KEY_UISupportedInterfaceOrientations_iPad = "UIInterfaceOrientationLandscapeLeft UIInterfaceOrientationLandscapeRight UIInterfaceOrientationPortrait UIInterfaceOrientationPortraitUpsideDown";
				LD_RUNPATH_SEARCH_PATHS = (
					"$(inherited)",
					"@executable_path/Frameworks",
				);
				MARKETING_VERSION = 1.0;
				PRODUCT_BUNDLE_IDENTIFIER = "com.alaaArafa.TDDTest.AlaaElrhman-Nomand";
				PRODUCT_NAME = "$(TARGET_NAME)";
				SWIFT_EMIT_LOC_STRINGS = YES;
				SWIFT_VERSION = 5.0;
				TARGETED_DEVICE_FAMILY = "1,2";
			};
			name = Release;
		};
		7362A06528FB37040017D3A8 /* Debug */ = {
			isa = XCBuildConfiguration;
			buildSettings = {
				ALWAYS_EMBED_SWIFT_STANDARD_LIBRARIES = YES;
				BUNDLE_LOADER = "$(TEST_HOST)";
				CODE_SIGN_STYLE = Automatic;
				CURRENT_PROJECT_VERSION = 1;
				DEVELOPMENT_TEAM = YYH69G673J;
				GENERATE_INFOPLIST_FILE = YES;
				IPHONEOS_DEPLOYMENT_TARGET = 16.0;
				MARKETING_VERSION = 1.0;
				PRODUCT_BUNDLE_IDENTIFIER = "com.alaaArafa.TDDTest.AlaaElrhman-NomandTests";
				PRODUCT_NAME = "$(TARGET_NAME)";
				SWIFT_EMIT_LOC_STRINGS = NO;
				SWIFT_VERSION = 5.0;
				TARGETED_DEVICE_FAMILY = "1,2";
				TEST_HOST = "$(BUILT_PRODUCTS_DIR)/AlaaElrhman.Nomand.app/$(BUNDLE_EXECUTABLE_FOLDER_PATH)/AlaaElrhman.Nomand";
			};
			name = Debug;
		};
		7362A06628FB37040017D3A8 /* Release */ = {
			isa = XCBuildConfiguration;
			buildSettings = {
				ALWAYS_EMBED_SWIFT_STANDARD_LIBRARIES = YES;
				BUNDLE_LOADER = "$(TEST_HOST)";
				CODE_SIGN_STYLE = Automatic;
				CURRENT_PROJECT_VERSION = 1;
				DEVELOPMENT_TEAM = YYH69G673J;
				GENERATE_INFOPLIST_FILE = YES;
				IPHONEOS_DEPLOYMENT_TARGET = 16.0;
				MARKETING_VERSION = 1.0;
				PRODUCT_BUNDLE_IDENTIFIER = "com.alaaArafa.TDDTest.AlaaElrhman-NomandTests";
				PRODUCT_NAME = "$(TARGET_NAME)";
				SWIFT_EMIT_LOC_STRINGS = NO;
				SWIFT_VERSION = 5.0;
				TARGETED_DEVICE_FAMILY = "1,2";
				TEST_HOST = "$(BUILT_PRODUCTS_DIR)/AlaaElrhman.Nomand.app/$(BUNDLE_EXECUTABLE_FOLDER_PATH)/AlaaElrhman.Nomand";
			};
			name = Release;
		};
		7362A06828FB37040017D3A8 /* Debug */ = {
			isa = XCBuildConfiguration;
			buildSettings = {
				ALWAYS_EMBED_SWIFT_STANDARD_LIBRARIES = YES;
				CODE_SIGN_STYLE = Automatic;
				CURRENT_PROJECT_VERSION = 1;
				DEVELOPMENT_TEAM = YYH69G673J;
				GENERATE_INFOPLIST_FILE = YES;
				MARKETING_VERSION = 1.0;
				PRODUCT_BUNDLE_IDENTIFIER = "com.alaaArafa.TDDTest.AlaaElrhman-NomandUITests";
				PRODUCT_NAME = "$(TARGET_NAME)";
				SWIFT_EMIT_LOC_STRINGS = NO;
				SWIFT_VERSION = 5.0;
				TARGETED_DEVICE_FAMILY = "1,2";
				TEST_TARGET_NAME = AlaaElrhman.Nomand;
			};
			name = Debug;
		};
		7362A06928FB37040017D3A8 /* Release */ = {
			isa = XCBuildConfiguration;
			buildSettings = {
				ALWAYS_EMBED_SWIFT_STANDARD_LIBRARIES = YES;
				CODE_SIGN_STYLE = Automatic;
				CURRENT_PROJECT_VERSION = 1;
				DEVELOPMENT_TEAM = YYH69G673J;
				GENERATE_INFOPLIST_FILE = YES;
				MARKETING_VERSION = 1.0;
				PRODUCT_BUNDLE_IDENTIFIER = "com.alaaArafa.TDDTest.AlaaElrhman-NomandUITests";
				PRODUCT_NAME = "$(TARGET_NAME)";
				SWIFT_EMIT_LOC_STRINGS = NO;
				SWIFT_VERSION = 5.0;
				TARGETED_DEVICE_FAMILY = "1,2";
				TEST_TARGET_NAME = AlaaElrhman.Nomand;
			};
			name = Release;
		};
/* End XCBuildConfiguration section */

/* Begin XCConfigurationList section */
		7362A02F28FB37030017D3A8 /* Build configuration list for PBXProject "AlaaElrhman.Nomand" */ = {
			isa = XCConfigurationList;
			buildConfigurations = (
				7362A05F28FB37040017D3A8 /* Debug */,
				7362A06028FB37040017D3A8 /* Release */,
			);
			defaultConfigurationIsVisible = 0;
			defaultConfigurationName = Release;
		};
		7362A06128FB37040017D3A8 /* Build configuration list for PBXNativeTarget "AlaaElrhman.Nomand" */ = {
			isa = XCConfigurationList;
			buildConfigurations = (
				7362A06228FB37040017D3A8 /* Debug */,
				7362A06328FB37040017D3A8 /* Release */,
			);
			defaultConfigurationIsVisible = 0;
			defaultConfigurationName = Release;
		};
		7362A06428FB37040017D3A8 /* Build configuration list for PBXNativeTarget "AlaaElrhman.NomandTests" */ = {
			isa = XCConfigurationList;
			buildConfigurations = (
				7362A06528FB37040017D3A8 /* Debug */,
				7362A06628FB37040017D3A8 /* Release */,
			);
			defaultConfigurationIsVisible = 0;
			defaultConfigurationName = Release;
		};
		7362A06728FB37040017D3A8 /* Build configuration list for PBXNativeTarget "AlaaElrhman.NomandUITests" */ = {
			isa = XCConfigurationList;
			buildConfigurations = (
				7362A06828FB37040017D3A8 /* Debug */,
				7362A06928FB37040017D3A8 /* Release */,
			);
			defaultConfigurationIsVisible = 0;
			defaultConfigurationName = Release;
		};
/* End XCConfigurationList section */

/* Begin XCVersionGroup section */
		7362A04028FB37030017D3A8 /* AlaaElrhman_Nomand.xcdatamodeld */ = {
			isa = XCVersionGroup;
			children = (
				7362A04128FB37030017D3A8 /* AlaaElrhman_Nomand.xcdatamodel */,
			);
			currentVersion = 7362A04128FB37030017D3A8 /* AlaaElrhman_Nomand.xcdatamodel */;
			path = AlaaElrhman_Nomand.xcdatamodeld;
			sourceTree = "<group>";
			versionGroupType = wrapper.xcdatamodel;
		};
/* End XCVersionGroup section */
	};
	rootObject = 7362A02C28FB37030017D3A8 /* Project object */;
}
